
Microsoft Visual Studio Solution File, Format Version 12.00
# Visual Studio 15
Project("{FAE04EC0-301F-11D3-BF4B-00C04F79EFBC}") = "FuelConsumption2.Android", "FuelConsumption2.Android\FuelConsumption2.Android.csproj", "{294EDC23-BF32-4E3D-895D-126D9EB6914F}"
EndProject
Project("{FAE04EC0-301F-11D3-BF4B-00C04F79EFBC}") = "FuelConsumption2.iOS", "FuelConsumption2.iOS\FuelConsumption2.iOS.csproj", "{1E248D93-10AB-4D72-B68A-4D64B215AF41}"
EndProject
Project("{FAE04EC0-301F-11D3-BF4B-00C04F79EFBC}") = "FuelConsumption2.UITests", "FuelConsumption2.UITests\FuelConsumption2.UITests.csproj", "{F42D21D1-01D3-4BFE-B97B-B2EF95913C29}"
EndProject
Project("{FAE04EC0-301F-11D3-BF4B-00C04F79EFBC}") = "FuelConsumption2", "FuelConsumption2\FuelConsumption2.csproj", "{A6146048-4600-4442-9C8F-0B353F8BAE57}"
EndProject
Global
	GlobalSection(SolutionConfigurationPlatforms) = preSolution
		Debug|Any CPU = Debug|Any CPU
		Release|Any CPU = Release|Any CPU
		Debug|iPhoneSimulator = Debug|iPhoneSimulator
		Release|iPhoneSimulator = Release|iPhoneSimulator
		Debug|iPhone = Debug|iPhone
		Release|iPhone = Release|iPhone
	EndGlobalSection
	GlobalSection(ProjectConfigurationPlatforms) = postSolution
		{294EDC23-BF32-4E3D-895D-126D9EB6914F}.Debug|Any CPU.ActiveCfg = Debug|Any CPU
		{294EDC23-BF32-4E3D-895D-126D9EB6914F}.Debug|Any CPU.Build.0 = Debug|Any CPU
		{294EDC23-BF32-4E3D-895D-126D9EB6914F}.Release|Any CPU.ActiveCfg = Release|Any CPU
		{294EDC23-BF32-4E3D-895D-126D9EB6914F}.Release|Any CPU.Build.0 = Release|Any CPU
		{294EDC23-BF32-4E3D-895D-126D9EB6914F}.Debug|iPhoneSimulator.ActiveCfg = Debug|Any CPU
		{294EDC23-BF32-4E3D-895D-126D9EB6914F}.Debug|iPhoneSimulator.Build.0 = Debug|Any CPU
		{294EDC23-BF32-4E3D-895D-126D9EB6914F}.Release|iPhoneSimulator.ActiveCfg = Release|Any CPU
		{294EDC23-BF32-4E3D-895D-126D9EB6914F}.Release|iPhoneSimulator.Build.0 = Release|Any CPU
		{294EDC23-BF32-4E3D-895D-126D9EB6914F}.Debug|iPhone.ActiveCfg = Debug|Any CPU
		{294EDC23-BF32-4E3D-895D-126D9EB6914F}.Debug|iPhone.Build.0 = Debug|Any CPU
		{294EDC23-BF32-4E3D-895D-126D9EB6914F}.Release|iPhone.ActiveCfg = Release|Any CPU
		{294EDC23-BF32-4E3D-895D-126D9EB6914F}.Release|iPhone.Build.0 = Release|Any CPU
		{1E248D93-10AB-4D72-B68A-4D64B215AF41}.Debug|Any CPU.ActiveCfg = Debug|iPhoneSimulator
		{1E248D93-10AB-4D72-B68A-4D64B215AF41}.Debug|Any CPU.Build.0 = Debug|iPhoneSimulator
		{1E248D93-10AB-4D72-B68A-4D64B215AF41}.Release|Any CPU.ActiveCfg = Release|iPhoneSimulator
		{1E248D93-10AB-4D72-B68A-4D64B215AF41}.Release|Any CPU.Build.0 = Release|iPhoneSimulator
		{1E248D93-10AB-4D72-B68A-4D64B215AF41}.Debug|iPhoneSimulator.ActiveCfg = Debug|iPhoneSimulator
		{1E248D93-10AB-4D72-B68A-4D64B215AF41}.Debug|iPhoneSimulator.Build.0 = Debug|iPhoneSimulator
		{1E248D93-10AB-4D72-B68A-4D64B215AF41}.Release|iPhoneSimulator.ActiveCfg = Release|iPhoneSimulator
		{1E248D93-10AB-4D72-B68A-4D64B215AF41}.Release|iPhoneSimulator.Build.0 = Release|iPhoneSimulator
		{1E248D93-10AB-4D72-B68A-4D64B215AF41}.Debug|iPhone.ActiveCfg = Debug|iPhone
		{1E248D93-10AB-4D72-B68A-4D64B215AF41}.Debug|iPhone.Build.0 = Debug|iPhone
		{1E248D93-10AB-4D72-B68A-4D64B215AF41}.Release|iPhone.ActiveCfg = Release|iPhone
		{1E248D93-10AB-4D72-B68A-4D64B215AF41}.Release|iPhone.Build.0 = Release|iPhone
		{F42D21D1-01D3-4BFE-B97B-B2EF95913C29}.Debug|Any CPU.ActiveCfg = Debug|Any CPU
		{F42D21D1-01D3-4BFE-B97B-B2EF95913C29}.Debug|Any CPU.Build.0 = Debug|Any CPU
		{F42D21D1-01D3-4BFE-B97B-B2EF95913C29}.Release|Any CPU.ActiveCfg = Release|Any CPU
		{F42D21D1-01D3-4BFE-B97B-B2EF95913C29}.Release|Any CPU.Build.0 = Release|Any CPU
		{F42D21D1-01D3-4BFE-B97B-B2EF95913C29}.Debug|iPhoneSimulator.ActiveCfg = Debug|Any CPU
		{F42D21D1-01D3-4BFE-B97B-B2EF95913C29}.Debug|iPhoneSimulator.Build.0 = Debug|Any CPU
		{F42D21D1-01D3-4BFE-B97B-B2EF95913C29}.Release|iPhoneSimulator.ActiveCfg = Release|Any CPU
		{F42D21D1-01D3-4BFE-B97B-B2EF95913C29}.Release|iPhoneSimulator.Build.0 = Release|Any CPU
		{F42D21D1-01D3-4BFE-B97B-B2EF95913C29}.Debug|iPhone.ActiveCfg = Debug|Any CPU
		{F42D21D1-01D3-4BFE-B97B-B2EF95913C29}.Debug|iPhone.Build.0 = Debug|Any CPU
		{F42D21D1-01D3-4BFE-B97B-B2EF95913C29}.Release|iPhone.ActiveCfg = Release|Any CPU
		{F42D21D1-01D3-4BFE-B97B-B2EF95913C29}.Release|iPhone.Build.0 = Release|Any CPU
		{A6146048-4600-4442-9C8F-0B353F8BAE57}.Debug|Any CPU.ActiveCfg = Debug|Any CPU
		{A6146048-4600-4442-9C8F-0B353F8BAE57}.Debug|Any CPU.Build.0 = Debug|Any CPU
		{A6146048-4600-4442-9C8F-0B353F8BAE57}.Release|Any CPU.ActiveCfg = Release|Any CPU
		{A6146048-4600-4442-9C8F-0B353F8BAE57}.Release|Any CPU.Build.0 = Release|Any CPU
		{A6146048-4600-4442-9C8F-0B353F8BAE57}.Debug|iPhoneSimulator.ActiveCfg = Debug|Any CPU
		{A6146048-4600-4442-9C8F-0B353F8BAE57}.Debug|iPhoneSimulator.Build.0 = Debug|Any CPU
		{A6146048-4600-4442-9C8F-0B353F8BAE57}.Release|iPhoneSimulator.ActiveCfg = Release|Any CPU
		{A6146048-4600-4442-9C8F-0B353F8BAE57}.Release|iPhoneSimulator.Build.0 = Release|Any CPU
		{A6146048-4600-4442-9C8F-0B353F8BAE57}.Debug|iPhone.ActiveCfg = Debug|Any CPU
		{A6146048-4600-4442-9C8F-0B353F8BAE57}.Debug|iPhone.Build.0 = Debug|Any CPU
		{A6146048-4600-4442-9C8F-0B353F8BAE57}.Release|iPhone.ActiveCfg = Release|Any CPU
		{A6146048-4600-4442-9C8F-0B353F8BAE57}.Release|iPhone.Build.0 = Release|Any CPU
	EndGlobalSection
EndGlobal
